
Microsoft Visual Studio Solution File, Format Version 12.00
Project("{FAE04EC0-301F-11D3-BF4B-00C04F79EFBC}") = "CanvasGame", "CanvasGame\CanvasGame.csproj", "{63564020-C3F3-4D8B-9559-4BB543CB1448}"
EndProject
Project("{FAE04EC0-301F-11D3-BF4B-00C04F79EFBC}") = "KPXEngine", "KPXEngine\KPXEngine.csproj", "{93076BC8-3E5D-4DB3-A294-16057701B3C8}"
EndProject
Global
	GlobalSection(SolutionConfigurationPlatforms) = preSolution
		Debug|Any CPU = Debug|Any CPU
		Release|Any CPU = Release|Any CPU
	EndGlobalSection
	GlobalSection(ProjectConfigurationPlatforms) = postSolution
		{63564020-C3F3-4D8B-9559-4BB543CB1448}.Debug|Any CPU.ActiveCfg = Debug|Any CPU
		{63564020-C3F3-4D8B-9559-4BB543CB1448}.Debug|Any CPU.Build.0 = Debug|Any CPU
		{63564020-C3F3-4D8B-9559-4BB543CB1448}.Release|Any CPU.ActiveCfg = Release|Any CPU
		{63564020-C3F3-4D8B-9559-4BB543CB1448}.Release|Any CPU.Build.0 = Release|Any CPU
		{93076BC8-3E5D-4DB3-A294-16057701B3C8}.Debug|Any CPU.ActiveCfg = Debug|Any CPU
		{93076BC8-3E5D-4DB3-A294-16057701B3C8}.Debug|Any CPU.Build.0 = Debug|Any CPU
		{93076BC8-3E5D-4DB3-A294-16057701B3C8}.Release|Any CPU.ActiveCfg = Release|Any CPU
		{93076BC8-3E5D-4DB3-A294-16057701B3C8}.Release|Any CPU.Build.0 = Release|Any CPU
	EndGlobalSection
EndGlobal
